{
	"name": "uni-dev-task",
	"version": "2.1.5",
	"lockfileVersion": 2,
	"requires": true,
	"packages": {
		"": {
			"version": "2.1.5",
			"dependencies": {
				"qrcodejs2": "^0.0.2",
				"sortablejs": "^1.15.3"
			},
			"devDependencies": {
				"@dcloudio/hbuilderx-cli": "^1.1.2"
			},
			"engines": {
				"HBuilderX": "^3.2.6"
			}
		},
		"node_modules/@dcloudio/hbuilderx-cli": {
			"version": "1.1.2",
			"resolved": "https://registry.npmjs.org/@dcloudio/hbuilderx-cli/-/hbuilderx-cli-1.1.2.tgz",
			"integrity": "sha512-wwYeoakxREHQYQWBA/cYDPCz5U4KlSeONP/X0+cxkstIExvyOaURkkhBjscsZBenVS37nqEWhylK9KRn2HxWfg==",
			"dev": true,
			"hasInstallScript": true,
			"license": "MIT",
			"bin": {
				"uni-launch": "bin/uni-launch.js",
				"uni-logcat": "bin/uni-logcat.js",
				"uni-test": "bin/uni-test.js"
			},
			"engines": {
				"node": ">=12.0.0"
			}
		},
		"node_modules/qrcodejs2": {
			"version": "0.0.2",
			"resolved": "https://registry.npmjs.org/qrcodejs2/-/qrcodejs2-0.0.2.tgz",
			"integrity": "sha512-+Y4HA+cb6qUzdgvI3KML8GYpMFwB24dFwzMkS/yXq6hwtUGNUnZQdUnksrV1XGMc2mid5ROw5SAuY9XhI3ValA=="
		},
		"node_modules/sortablejs": {
			"version": "1.15.3",
			"resolved": "https://registry.npmjs.org/sortablejs/-/sortablejs-1.15.3.tgz",
			"integrity": "sha512-zdK3/kwwAK1cJgy1rwl1YtNTbRmc8qW/+vgXf75A7NHag5of4pyI6uK86ktmQETyWRH7IGaE73uZOOBcGxgqZg=="
		}
	},
	"dependencies": {
		"@dcloudio/hbuilderx-cli": {
			"version": "1.1.2",
			"resolved": "https://registry.npmjs.org/@dcloudio/hbuilderx-cli/-/hbuilderx-cli-1.1.2.tgz",
			"integrity": "sha512-wwYeoakxREHQYQWBA/cYDPCz5U4KlSeONP/X0+cxkstIExvyOaURkkhBjscsZBenVS37nqEWhylK9KRn2HxWfg==",
			"dev": true
		},
		"qrcodejs2": {
			"version": "0.0.2",
			"resolved": "https://registry.npmjs.org/qrcodejs2/-/qrcodejs2-0.0.2.tgz",
			"integrity": "sha512-+Y4HA+cb6qUzdgvI3KML8GYpMFwB24dFwzMkS/yXq6hwtUGNUnZQdUnksrV1XGMc2mid5ROw5SAuY9XhI3ValA=="
		},
		"sortablejs": {
			"version": "1.15.3",
			"resolved": "https://registry.npmjs.org/sortablejs/-/sortablejs-1.15.3.tgz",
			"integrity": "sha512-zdK3/kwwAK1cJgy1rwl1YtNTbRmc8qW/+vgXf75A7NHag5of4pyI6uK86ktmQETyWRH7IGaE73uZOOBcGxgqZg=="
		}
	}
}
